# This file is automatically @generated by Cargo.
# It is not intended for manual editing.
[[package]]
name = "dbus"
version = "0.9.1"
source = "registry+https://github.com/rust-lang/crates.io-index"
checksum = "3b1334c0161ddfccd239ac81b188d62015b049c986c5cd0b7f9447cf2c54f4a3"
dependencies = [
 "libc",
 "libdbus-sys",
]

[[package]]
name = "libc"
version = "0.2.82"
source = "registry+https://github.com/rust-lang/crates.io-index"
checksum = "89203f3fba0a3795506acaad8ebce3c80c0af93f994d5a1d7a0b1eeb23271929"

[[package]]
name = "libdbus-sys"
version = "0.2.1"
source = "registry+https://github.com/rust-lang/crates.io-index"
checksum = "dc12a3bc971424edbbf7edaf6e5740483444db63aa8e23d3751ff12a30f306f0"
dependencies = [
 "pkg-config",
]

[[package]]
name = "pkg-config"
version = "0.3.19"
source = "registry+https://github.com/rust-lang/crates.io-index"
checksum = "3831453b3449ceb48b6d9c7ad7c96d5ea673e9b470a1dc578c2ce6521230884c"

[[package]]
name = "system-api"
version = "0.1.0"
dependencies = [
 "dbus",
]
